<?xml version="1.0" encoding="utf-8"?>
<Project ToolsVersion="4.0" xmlns="http://schemas.microsoft.com/developer/msbuild/2003">
  <ItemGroup>
    <Filter Include="GameFramework2D">
      <UniqueIdentifier>{a2d0a9a7-2478-49b2-ab90-e5931b927c9d}</UniqueIdentifier>
    </Filter>
    <Filter Include="WinMain">
      <UniqueIdentifier>{f2633db5-0743-4be4-8599-5519e1375a42}</UniqueIdentifier>
    </Filter>
    <Filter Include="MainGame">
      <UniqueIdentifier>{c9a127aa-c7a8-439b-a7a5-80732a94972c}</UniqueIdentifier>
    </Filter>
    <Filter Include="MainGame\GameNode">
      <UniqueIdentifier>{3bc1cdb0-28db-47c0-bbf4-eb68a8fb3418}</UniqueIdentifier>
    </Filter>
    <Filter Include="GameFramework2D\Loading">
      <UniqueIdentifier>{92d3c614-05c5-41ba-a32e-d8a4994995c4}</UniqueIdentifier>
    </Filter>
    <Filter Include="GameFramework2D\Manager">
      <UniqueIdentifier>{cc3f996c-b2a8-4c0d-92ae-b58a3950fa63}</UniqueIdentifier>
    </Filter>
    <Filter Include="GameFramework2D\SingletonData">
      <UniqueIdentifier>{bd7ae7cc-5b31-466d-8457-1d0eb40bb16d}</UniqueIdentifier>
    </Filter>
    <Filter Include="GameFramework2D\Utility">
      <UniqueIdentifier>{a22cbe19-8f6e-4583-8240-bbddcaacc298}</UniqueIdentifier>
    </Filter>
    <Filter Include="GameFramework2D\Image">
      <UniqueIdentifier>{9615466f-c4a7-4386-b352-ce900487e2ed}</UniqueIdentifier>
    </Filter>
    <Filter Include="GameFramework2D\ProgressBar">
      <UniqueIdentifier>{5e51dd86-a0c1-4370-9f1d-1975025e79cb}</UniqueIdentifier>
    </Filter>
    <Filter Include="GameFramework2D\Camera">
      <UniqueIdentifier>{9fbaf76e-b749-46c3-aa5c-e71d2be8f7ee}</UniqueIdentifier>
    </Filter>
    <Filter Include="MainGame\Scene">
      <UniqueIdentifier>{85937c08-e1be-4923-a1f9-1c48a135585f}</UniqueIdentifier>
    </Filter>
    <Filter Include="MainGame\Class">
      <UniqueIdentifier>{22d79978-d5c6-421e-9990-fa38ae60794d}</UniqueIdentifier>
    </Filter>
    <Filter Include="MainGame\Scene\MapToolScene">
      <UniqueIdentifier>{8f30d390-051b-4480-b477-b6088c84a588}</UniqueIdentifier>
    </Filter>
    <Filter Include="MainGame\Class\Player">
      <UniqueIdentifier>{811dc351-3b3d-4981-9cb8-7dedb06767c4}</UniqueIdentifier>
    </Filter>
    <Filter Include="MainGame\Class\Enemy">
      <UniqueIdentifier>{86dd414d-d74d-4d0f-87ec-26159bb1a6ac}</UniqueIdentifier>
    </Filter>
    <Filter Include="GameFramework2D\INIData">
      <UniqueIdentifier>{e507240d-1ada-40df-93f4-5d94a5a64b03}</UniqueIdentifier>
    </Filter>
    <Filter Include="MainGame\Class\Enemy\Minion">
      <UniqueIdentifier>{dddb6110-5f95-47d9-9d24-82f681d0910c}</UniqueIdentifier>
    </Filter>
    <Filter Include="MainGame\Class\Enemy\Boss">
      <UniqueIdentifier>{565fd18b-98de-468a-a9f9-ee3de513b0f5}</UniqueIdentifier>
    </Filter>
    <Filter Include="MainGame\Class\Player\Inventory">
      <UniqueIdentifier>{55bab5b0-cb5d-41eb-95b8-c9b22510d523}</UniqueIdentifier>
    </Filter>
    <Filter Include="MainGame\Class\Bullet">
      <UniqueIdentifier>{573cb3c8-c876-4cea-b808-8ec7cbde50cc}</UniqueIdentifier>
    </Filter>
    <Filter Include="MainGame\Class\Item">
      <UniqueIdentifier>{a9781220-8cce-4162-9781-2476886de91e}</UniqueIdentifier>
    </Filter>
  </ItemGroup>
  <ItemGroup>
    <ClCompile Include="camera.cpp">
      <Filter>GameFramework2D\Camera</Filter>
    </ClCompile>
    <ClCompile Include="image.cpp">
      <Filter>GameFramework2D\Image</Filter>
    </ClCompile>
    <ClCompile Include="iniData.cpp">
      <Filter>GameFramework2D\INIData</Filter>
    </ClCompile>
    <ClCompile Include="loading.cpp">
      <Filter>GameFramework2D\Loading</Filter>
    </ClCompile>
    <ClCompile Include="mapToolScene.cpp">
      <Filter>MainGame\Scene\MapToolScene</Filter>
    </ClCompile>
    <ClCompile Include="stdafx.cpp">
      <Filter>WinMain</Filter>
    </ClCompile>
    <ClCompile Include="winMain.cpp">
      <Filter>WinMain</Filter>
    </ClCompile>
    <ClCompile Include="mainGame.cpp">
      <Filter>MainGame</Filter>
    </ClCompile>
    <ClCompile Include="gameNode.cpp">
      <Filter>MainGame\GameNode</Filter>
    </ClCompile>
    <ClCompile Include="utility.cpp">
      <Filter>GameFramework2D\Utility</Filter>
    </ClCompile>
    <ClCompile Include="playerData.cpp">
      <Filter>GameFramework2D\SingletonData</Filter>
    </ClCompile>
    <ClCompile Include="progressBar.cpp">
      <Filter>GameFramework2D\ProgressBar</Filter>
    </ClCompile>
    <ClCompile Include="imageManager.cpp">
      <Filter>GameFramework2D\Manager</Filter>
    </ClCompile>
    <ClCompile Include="input.cpp">
      <Filter>GameFramework2D\Manager</Filter>
    </ClCompile>
    <ClCompile Include="random.cpp">
      <Filter>GameFramework2D\Manager</Filter>
    </ClCompile>
    <ClCompile Include="sceneManager.cpp">
      <Filter>GameFramework2D\Manager</Filter>
    </ClCompile>
    <ClCompile Include="soundManager.cpp">
      <Filter>GameFramework2D\Manager</Filter>
    </ClCompile>
  </ItemGroup>
  <ItemGroup>
    <ClInclude Include="camera.h">
      <Filter>GameFramework2D\Camera</Filter>
    </ClInclude>
    <ClInclude Include="image.h">
      <Filter>GameFramework2D\Image</Filter>
    </ClInclude>
    <ClInclude Include="iniData.h">
      <Filter>GameFramework2D\INIData</Filter>
    </ClInclude>
    <ClInclude Include="loading.h">
      <Filter>GameFramework2D\Loading</Filter>
    </ClInclude>
    <ClInclude Include="mapToolScene.h">
      <Filter>MainGame\Scene\MapToolScene</Filter>
    </ClInclude>
    <ClInclude Include="stdafx.h">
      <Filter>MainGame</Filter>
    </ClInclude>
    <ClInclude Include="mainGame.h">
      <Filter>MainGame</Filter>
    </ClInclude>
    <ClInclude Include="gameNode.h">
      <Filter>MainGame\GameNode</Filter>
    </ClInclude>
    <ClInclude Include="commonMacroFunction.h">
      <Filter>GameFramework2D\Utility</Filter>
    </ClInclude>
    <ClInclude Include="utility.h">
      <Filter>GameFramework2D\Utility</Filter>
    </ClInclude>
    <ClInclude Include="playerData.h">
      <Filter>GameFramework2D\SingletonData</Filter>
    </ClInclude>
    <ClInclude Include="progressBar.h">
      <Filter>GameFramework2D\ProgressBar</Filter>
    </ClInclude>
    <ClInclude Include="tileNode.h">
      <Filter>MainGame\Scene\MapToolScene</Filter>
    </ClInclude>
    <ClInclude Include="imageManager.h">
      <Filter>GameFramework2D\Manager</Filter>
    </ClInclude>
    <ClInclude Include="input.h">
      <Filter>GameFramework2D\Manager</Filter>
    </ClInclude>
    <ClInclude Include="random.h">
      <Filter>GameFramework2D\Manager</Filter>
    </ClInclude>
    <ClInclude Include="sceneManager.h">
      <Filter>GameFramework2D\Manager</Filter>
    </ClInclude>
    <ClInclude Include="singletonBase.h">
      <Filter>GameFramework2D\Manager</Filter>
    </ClInclude>
    <ClInclude Include="soundManager.h">
      <Filter>GameFramework2D\Manager</Filter>
    </ClInclude>
  </ItemGroup>
</Project>